
Microsoft Visual Studio Solution File, Format Version 12.00
# Visual Studio 15
VisualStudioVersion = 15.0.26124.0
MinimumVisualStudioVersion = 15.0.26124.0
Project("{FAE04EC0-301F-11D3-BF4B-00C04F79EFBC}") = "Domain", "Domain\Domain.csproj", "{4E886A3C-BE55-496D-B656-F465C124154B}"
EndProject
Project("{FAE04EC0-301F-11D3-BF4B-00C04F79EFBC}") = "Application", "Application\Application.csproj", "{95A634DF-DBA9-439E-9483-9520F84863CA}"
EndProject
Project("{FAE04EC0-301F-11D3-BF4B-00C04F79EFBC}") = "Persistence", "Persistence\Persistence.csproj", "{9EA4EE97-006F-4681-858F-2BB15DE8993A}"
EndProject
Project("{FAE04EC0-301F-11D3-BF4B-00C04F79EFBC}") = "API", "API\API.csproj", "{9BDFCE63-EF30-483E-B3D7-7606D339C7CC}"
EndProject
Global
	GlobalSection(SolutionConfigurationPlatforms) = preSolution
		Debug|Any CPU = Debug|Any CPU
		Debug|x64 = Debug|x64
		Debug|x86 = Debug|x86
		Release|Any CPU = Release|Any CPU
		Release|x64 = Release|x64
		Release|x86 = Release|x86
	EndGlobalSection
	GlobalSection(SolutionProperties) = preSolution
		HideSolutionNode = FALSE
	EndGlobalSection
	GlobalSection(ProjectConfigurationPlatforms) = postSolution
		{4E886A3C-BE55-496D-B656-F465C124154B}.Debug|Any CPU.ActiveCfg = Debug|Any CPU
		{4E886A3C-BE55-496D-B656-F465C124154B}.Debug|Any CPU.Build.0 = Debug|Any CPU
		{4E886A3C-BE55-496D-B656-F465C124154B}.Debug|x64.ActiveCfg = Debug|Any CPU
		{4E886A3C-BE55-496D-B656-F465C124154B}.Debug|x64.Build.0 = Debug|Any CPU
		{4E886A3C-BE55-496D-B656-F465C124154B}.Debug|x86.ActiveCfg = Debug|Any CPU
		{4E886A3C-BE55-496D-B656-F465C124154B}.Debug|x86.Build.0 = Debug|Any CPU
		{4E886A3C-BE55-496D-B656-F465C124154B}.Release|Any CPU.ActiveCfg = Release|Any CPU
		{4E886A3C-BE55-496D-B656-F465C124154B}.Release|Any CPU.Build.0 = Release|Any CPU
		{4E886A3C-BE55-496D-B656-F465C124154B}.Release|x64.ActiveCfg = Release|Any CPU
		{4E886A3C-BE55-496D-B656-F465C124154B}.Release|x64.Build.0 = Release|Any CPU
		{4E886A3C-BE55-496D-B656-F465C124154B}.Release|x86.ActiveCfg = Release|Any CPU
		{4E886A3C-BE55-496D-B656-F465C124154B}.Release|x86.Build.0 = Release|Any CPU
		{95A634DF-DBA9-439E-9483-9520F84863CA}.Debug|Any CPU.ActiveCfg = Debug|Any CPU
		{95A634DF-DBA9-439E-9483-9520F84863CA}.Debug|Any CPU.Build.0 = Debug|Any CPU
		{95A634DF-DBA9-439E-9483-9520F84863CA}.Debug|x64.ActiveCfg = Debug|Any CPU
		{95A634DF-DBA9-439E-9483-9520F84863CA}.Debug|x64.Build.0 = Debug|Any CPU
		{95A634DF-DBA9-439E-9483-9520F84863CA}.Debug|x86.ActiveCfg = Debug|Any CPU
		{95A634DF-DBA9-439E-9483-9520F84863CA}.Debug|x86.Build.0 = Debug|Any CPU
		{95A634DF-DBA9-439E-9483-9520F84863CA}.Release|Any CPU.ActiveCfg = Release|Any CPU
		{95A634DF-DBA9-439E-9483-9520F84863CA}.Release|Any CPU.Build.0 = Release|Any CPU
		{95A634DF-DBA9-439E-9483-9520F84863CA}.Release|x64.ActiveCfg = Release|Any CPU
		{95A634DF-DBA9-439E-9483-9520F84863CA}.Release|x64.Build.0 = Release|Any CPU
		{95A634DF-DBA9-439E-9483-9520F84863CA}.Release|x86.ActiveCfg = Release|Any CPU
		{95A634DF-DBA9-439E-9483-9520F84863CA}.Release|x86.Build.0 = Release|Any CPU
		{9EA4EE97-006F-4681-858F-2BB15DE8993A}.Debug|Any CPU.ActiveCfg = Debug|Any CPU
		{9EA4EE97-006F-4681-858F-2BB15DE8993A}.Debug|Any CPU.Build.0 = Debug|Any CPU
		{9EA4EE97-006F-4681-858F-2BB15DE8993A}.Debug|x64.ActiveCfg = Debug|Any CPU
		{9EA4EE97-006F-4681-858F-2BB15DE8993A}.Debug|x64.Build.0 = Debug|Any CPU
		{9EA4EE97-006F-4681-858F-2BB15DE8993A}.Debug|x86.ActiveCfg = Debug|Any CPU
		{9EA4EE97-006F-4681-858F-2BB15DE8993A}.Debug|x86.Build.0 = Debug|Any CPU
		{9EA4EE97-006F-4681-858F-2BB15DE8993A}.Release|Any CPU.ActiveCfg = Release|Any CPU
		{9EA4EE97-006F-4681-858F-2BB15DE8993A}.Release|Any CPU.Build.0 = Release|Any CPU
		{9EA4EE97-006F-4681-858F-2BB15DE8993A}.Release|x64.ActiveCfg = Release|Any CPU
		{9EA4EE97-006F-4681-858F-2BB15DE8993A}.Release|x64.Build.0 = Release|Any CPU
		{9EA4EE97-006F-4681-858F-2BB15DE8993A}.Release|x86.ActiveCfg = Release|Any CPU
		{9EA4EE97-006F-4681-858F-2BB15DE8993A}.Release|x86.Build.0 = Release|Any CPU
		{9BDFCE63-EF30-483E-B3D7-7606D339C7CC}.Debug|Any CPU.ActiveCfg = Debug|Any CPU
		{9BDFCE63-EF30-483E-B3D7-7606D339C7CC}.Debug|Any CPU.Build.0 = Debug|Any CPU
		{9BDFCE63-EF30-483E-B3D7-7606D339C7CC}.Debug|x64.ActiveCfg = Debug|Any CPU
		{9BDFCE63-EF30-483E-B3D7-7606D339C7CC}.Debug|x64.Build.0 = Debug|Any CPU
		{9BDFCE63-EF30-483E-B3D7-7606D339C7CC}.Debug|x86.ActiveCfg = Debug|Any CPU
		{9BDFCE63-EF30-483E-B3D7-7606D339C7CC}.Debug|x86.Build.0 = Debug|Any CPU
		{9BDFCE63-EF30-483E-B3D7-7606D339C7CC}.Release|Any CPU.ActiveCfg = Release|Any CPU
		{9BDFCE63-EF30-483E-B3D7-7606D339C7CC}.Release|Any CPU.Build.0 = Release|Any CPU
		{9BDFCE63-EF30-483E-B3D7-7606D339C7CC}.Release|x64.ActiveCfg = Release|Any CPU
		{9BDFCE63-EF30-483E-B3D7-7606D339C7CC}.Release|x64.Build.0 = Release|Any CPU
		{9BDFCE63-EF30-483E-B3D7-7606D339C7CC}.Release|x86.ActiveCfg = Release|Any CPU
		{9BDFCE63-EF30-483E-B3D7-7606D339C7CC}.Release|x86.Build.0 = Release|Any CPU
	EndGlobalSection
EndGlobal
